
Microsoft Visual Studio Solution File, Format Version 12.00
# Visual Studio Version 16
VisualStudioVersion = 16.0.31911.196
MinimumVisualStudioVersion = 10.0.40219.1
Project("{FAE04EC0-301F-11D3-BF4B-00C04F79EFBC}") = "QuanLyGiaSu", "QuanLyGiaSu\QuanLyGiaSu.csproj", "{1CB339E2-B7DA-4407-AAFA-D6822DD58A8D}"
EndProject
Global
	GlobalSection(SolutionConfigurationPlatforms) = preSolution
		Debug|Any CPU = Debug|Any CPU
		Release|Any CPU = Release|Any CPU
	EndGlobalSection
	GlobalSection(ProjectConfigurationPlatforms) = postSolution
		{1CB339E2-B7DA-4407-AAFA-D6822DD58A8D}.Debug|Any CPU.ActiveCfg = Debug|Any CPU
		{1CB339E2-B7DA-4407-AAFA-D6822DD58A8D}.Debug|Any CPU.Build.0 = Debug|Any CPU
		{1CB339E2-B7DA-4407-AAFA-D6822DD58A8D}.Release|Any CPU.ActiveCfg = Release|Any CPU
		{1CB339E2-B7DA-4407-AAFA-D6822DD58A8D}.Release|Any CPU.Build.0 = Release|Any CPU
	EndGlobalSection
	GlobalSection(SolutionProperties) = preSolution
		HideSolutionNode = FALSE
	EndGlobalSection
	GlobalSection(ExtensibilityGlobals) = postSolution
		SolutionGuid = {0F8F9104-61CA-4F92-8223-6E1C13AACD6E}
	EndGlobalSection
EndGlobal
